
Microsoft Visual Studio Solution File, Format Version 12.00
# Visual Studio Version 17
VisualStudioVersion = 17.3.32819.101
MinimumVisualStudioVersion = 10.0.40219.1
Project("{FAE04EC0-301F-11D3-BF4B-00C04F79EFBC}") = "HRwinform", "HRwinform\HRwinform.csproj", "{FF1C15DB-A53A-4209-8DC0-189048F2DA6B}"
EndProject
Global
	GlobalSection(SolutionConfigurationPlatforms) = preSolution
		Debug|Any CPU = Debug|Any CPU
		Release|Any CPU = Release|Any CPU
	EndGlobalSection
	GlobalSection(ProjectConfigurationPlatforms) = postSolution
		{FF1C15DB-A53A-4209-8DC0-189048F2DA6B}.Debug|Any CPU.ActiveCfg = Debug|Any CPU
		{FF1C15DB-A53A-4209-8DC0-189048F2DA6B}.Debug|Any CPU.Build.0 = Debug|Any CPU
		{FF1C15DB-A53A-4209-8DC0-189048F2DA6B}.Release|Any CPU.ActiveCfg = Release|Any CPU
		{FF1C15DB-A53A-4209-8DC0-189048F2DA6B}.Release|Any CPU.Build.0 = Release|Any CPU
	EndGlobalSection
	GlobalSection(SolutionProperties) = preSolution
		HideSolutionNode = FALSE
	EndGlobalSection
	GlobalSection(ExtensibilityGlobals) = postSolution
		SolutionGuid = {50D1FDDC-DB73-4B8F-9293-65CF821F54DD}
	EndGlobalSection
EndGlobal
